# This file was autogenerated by Stack.
# You should not edit this file by hand.
# For more information, please see the documentation at:
#   https://docs.haskellstack.org/en/stable/lock_files

packages: []
snapshots:
- completed:
    size: 574152
    url: https://raw.githubusercontent.com/commercialhaskell/stackage-snapshots/master/nightly/2021/3/19.yaml
    sha256: d19b4f0016e2c4d5f799c0ba82ad90327ad4628b368870b58a4994d490c017cc
  original: nightly-2021-03-19
